
Microsoft Visual Studio Solution File, Format Version 12.00
# Visual Studio Version 17
VisualStudioVersion = 17.1.32414.318
MinimumVisualStudioVersion = 10.0.40219.1
Project("{9A19103F-16F7-4668-BE54-9A1E7A4F7556}") = "SendImail", "SendImail.csproj", "{4AD926D4-83FE-4D6A-B800-8EF6DA2771D3}"
EndProject
Global
	GlobalSection(SolutionConfigurationPlatforms) = preSolution
		Debug|Any CPU = Debug|Any CPU
		Release|Any CPU = Release|Any CPU
	EndGlobalSection
	GlobalSection(ProjectConfigurationPlatforms) = postSolution
		{4AD926D4-83FE-4D6A-B800-8EF6DA2771D3}.Debug|Any CPU.ActiveCfg = Debug|Any CPU
		{4AD926D4-83FE-4D6A-B800-8EF6DA2771D3}.Debug|Any CPU.Build.0 = Debug|Any CPU
		{4AD926D4-83FE-4D6A-B800-8EF6DA2771D3}.Release|Any CPU.ActiveCfg = Release|Any CPU
		{4AD926D4-83FE-4D6A-B800-8EF6DA2771D3}.Release|Any CPU.Build.0 = Release|Any CPU
	EndGlobalSection
	GlobalSection(SolutionProperties) = preSolution
		HideSolutionNode = FALSE
	EndGlobalSection
	GlobalSection(ExtensibilityGlobals) = postSolution
		SolutionGuid = {439E00F0-D14F-4648-831C-3F76321DA47B}
	EndGlobalSection
EndGlobal
